
Microsoft Visual Studio Solution File, Format Version 12.00
# Visual Studio 15
VisualStudioVersion = 15.0.28307.489
MinimumVisualStudioVersion = 10.0.40219.1
Project("{9A19103F-16F7-4668-BE54-9A1E7A4F7556}") = "CodeTheFutureNow", "CodeTheFutureNow\CodeTheFutureNow.csproj", "{BF718015-BDC1-4D62-9E80-967372F64AF6}"
EndProject
Project("{9A19103F-16F7-4668-BE54-9A1E7A4F7556}") = "CodeTheFutureNowTests", "CodeTheFutureNowTests\CodeTheFutureNowTests.csproj", "{9BD8DE66-37B2-43DF-A336-6CF02C14044B}"
EndProject
Global
	GlobalSection(SolutionConfigurationPlatforms) = preSolution
		Debug|Any CPU = Debug|Any CPU
		Release|Any CPU = Release|Any CPU
	EndGlobalSection
	GlobalSection(ProjectConfigurationPlatforms) = postSolution
		{BF718015-BDC1-4D62-9E80-967372F64AF6}.Debug|Any CPU.ActiveCfg = Debug|Any CPU
		{BF718015-BDC1-4D62-9E80-967372F64AF6}.Debug|Any CPU.Build.0 = Debug|Any CPU
		{BF718015-BDC1-4D62-9E80-967372F64AF6}.Release|Any CPU.ActiveCfg = Release|Any CPU
		{BF718015-BDC1-4D62-9E80-967372F64AF6}.Release|Any CPU.Build.0 = Release|Any CPU
		{9BD8DE66-37B2-43DF-A336-6CF02C14044B}.Debug|Any CPU.ActiveCfg = Debug|Any CPU
		{9BD8DE66-37B2-43DF-A336-6CF02C14044B}.Debug|Any CPU.Build.0 = Debug|Any CPU
		{9BD8DE66-37B2-43DF-A336-6CF02C14044B}.Release|Any CPU.ActiveCfg = Release|Any CPU
		{9BD8DE66-37B2-43DF-A336-6CF02C14044B}.Release|Any CPU.Build.0 = Release|Any CPU
	EndGlobalSection
	GlobalSection(SolutionProperties) = preSolution
		HideSolutionNode = FALSE
	EndGlobalSection
	GlobalSection(ExtensibilityGlobals) = postSolution
		SolutionGuid = {E31D73BA-7B7A-4222-ABC9-99B6C66C3CDF}
	EndGlobalSection
EndGlobal
